
Microsoft Visual Studio Solution File, Format Version 12.00
# Visual Studio 15
VisualStudioVersion = 15.0.27428.2037
MinimumVisualStudioVersion = 10.0.40219.1
Project("{FAE04EC0-301F-11D3-BF4B-00C04F79EFBC}") = "WindowsFormsApp1", "WindowsFormsApp1\WindowsFormsApp1.csproj", "{95A1653C-308B-4C1C-ADDD-83ADC62134F3}"
EndProject
Global
	GlobalSection(SolutionConfigurationPlatforms) = preSolution
		Debug|Any CPU = Debug|Any CPU
		Release|Any CPU = Release|Any CPU
	EndGlobalSection
	GlobalSection(ProjectConfigurationPlatforms) = postSolution
		{95A1653C-308B-4C1C-ADDD-83ADC62134F3}.Debug|Any CPU.ActiveCfg = Debug|Any CPU
		{95A1653C-308B-4C1C-ADDD-83ADC62134F3}.Debug|Any CPU.Build.0 = Debug|Any CPU
		{95A1653C-308B-4C1C-ADDD-83ADC62134F3}.Release|Any CPU.ActiveCfg = Release|Any CPU
		{95A1653C-308B-4C1C-ADDD-83ADC62134F3}.Release|Any CPU.Build.0 = Release|Any CPU
	EndGlobalSection
	GlobalSection(SolutionProperties) = preSolution
		HideSolutionNode = FALSE
	EndGlobalSection
	GlobalSection(ExtensibilityGlobals) = postSolution
		SolutionGuid = {5C81BCFE-16B6-4C28-BC77-377E209B0CD8}
	EndGlobalSection
EndGlobal
